
Microsoft Visual Studio Solution File, Format Version 12.00
# Visual Studio Version 16
VisualStudioVersion = 16.0.29519.181
MinimumVisualStudioVersion = 10.0.40219.1
Project("{FAE04EC0-301F-11D3-BF4B-00C04F79EFBC}") = "WcfDollarLibrary", "WcfDollarLibrary\WcfDollarLibrary.csproj", "{D1D36EE3-3286-4603-89A4-99B83F8DFCB0}"
EndProject
Project("{FAE04EC0-301F-11D3-BF4B-00C04F79EFBC}") = "DollarClient", "DollarClient\DollarClient.csproj", "{971CBC80-8973-4AC1-9A97-FBC9984E7644}"
EndProject
Project("{FAE04EC0-301F-11D3-BF4B-00C04F79EFBC}") = "DollarHost", "DollarHost\DollarHost.csproj", "{E585B251-4B8F-43BE-A7E3-EFB7B2CAAC20}"
EndProject
Global
	GlobalSection(SolutionConfigurationPlatforms) = preSolution
		Debug|Any CPU = Debug|Any CPU
		Release|Any CPU = Release|Any CPU
	EndGlobalSection
	GlobalSection(ProjectConfigurationPlatforms) = postSolution
		{D1D36EE3-3286-4603-89A4-99B83F8DFCB0}.Debug|Any CPU.ActiveCfg = Debug|Any CPU
		{D1D36EE3-3286-4603-89A4-99B83F8DFCB0}.Debug|Any CPU.Build.0 = Debug|Any CPU
		{D1D36EE3-3286-4603-89A4-99B83F8DFCB0}.Release|Any CPU.ActiveCfg = Release|Any CPU
		{D1D36EE3-3286-4603-89A4-99B83F8DFCB0}.Release|Any CPU.Build.0 = Release|Any CPU
		{971CBC80-8973-4AC1-9A97-FBC9984E7644}.Debug|Any CPU.ActiveCfg = Debug|Any CPU
		{971CBC80-8973-4AC1-9A97-FBC9984E7644}.Debug|Any CPU.Build.0 = Debug|Any CPU
		{971CBC80-8973-4AC1-9A97-FBC9984E7644}.Release|Any CPU.ActiveCfg = Release|Any CPU
		{971CBC80-8973-4AC1-9A97-FBC9984E7644}.Release|Any CPU.Build.0 = Release|Any CPU
		{E585B251-4B8F-43BE-A7E3-EFB7B2CAAC20}.Debug|Any CPU.ActiveCfg = Debug|Any CPU
		{E585B251-4B8F-43BE-A7E3-EFB7B2CAAC20}.Debug|Any CPU.Build.0 = Debug|Any CPU
		{E585B251-4B8F-43BE-A7E3-EFB7B2CAAC20}.Release|Any CPU.ActiveCfg = Release|Any CPU
		{E585B251-4B8F-43BE-A7E3-EFB7B2CAAC20}.Release|Any CPU.Build.0 = Release|Any CPU
	EndGlobalSection
	GlobalSection(SolutionProperties) = preSolution
		HideSolutionNode = FALSE
	EndGlobalSection
	GlobalSection(ExtensibilityGlobals) = postSolution
		SolutionGuid = {DC5D8852-B8BE-45E9-8EA8-C0A4BB8A01CD}
	EndGlobalSection
EndGlobal
